
Microsoft Visual Studio Solution File, Format Version 12.00
# Visual Studio 15
VisualStudioVersion = 15.0.27428.2015
MinimumVisualStudioVersion = 10.0.40219.1
Project("{FAE04EC0-301F-11D3-BF4B-00C04F79EFBC}") = "SOLDIGusto", "SOLDIGusto\SOLDIGusto.csproj", "{8B9C9FB2-50A2-46C1-948A-1E4103046687}"
EndProject
Project("{54435603-DBB4-11D2-8724-00A0C9A8B90C}") = "InstallSOLDIGustoT8", "InstallSOLDIGustoT8\InstallSOLDIGustoT8.vdproj", "{69F01202-D621-4F4C-A4E5-9680433CE66E}"
EndProject
Global
	GlobalSection(SolutionConfigurationPlatforms) = preSolution
		Debug|Any CPU = Debug|Any CPU
		Release|Any CPU = Release|Any CPU
	EndGlobalSection
	GlobalSection(ProjectConfigurationPlatforms) = postSolution
		{8B9C9FB2-50A2-46C1-948A-1E4103046687}.Debug|Any CPU.ActiveCfg = Debug|Any CPU
		{8B9C9FB2-50A2-46C1-948A-1E4103046687}.Debug|Any CPU.Build.0 = Debug|Any CPU
		{8B9C9FB2-50A2-46C1-948A-1E4103046687}.Release|Any CPU.ActiveCfg = Release|Any CPU
		{8B9C9FB2-50A2-46C1-948A-1E4103046687}.Release|Any CPU.Build.0 = Release|Any CPU
		{69F01202-D621-4F4C-A4E5-9680433CE66E}.Debug|Any CPU.ActiveCfg = Debug
		{69F01202-D621-4F4C-A4E5-9680433CE66E}.Release|Any CPU.ActiveCfg = Release
	EndGlobalSection
	GlobalSection(SolutionProperties) = preSolution
		HideSolutionNode = FALSE
	EndGlobalSection
	GlobalSection(ExtensibilityGlobals) = postSolution
		SolutionGuid = {A46BAD3C-E0DB-4494-B139-1C3596A4CFA5}
	EndGlobalSection
EndGlobal
